
Microsoft Visual Studio Solution File, Format Version 12.00
# Visual Studio Version 17
VisualStudioVersion = 17.11.35303.130
MinimumVisualStudioVersion = 10.0.40219.1
Project("{FAE04EC0-301F-11D3-BF4B-00C04F79EFBC}") = "GitFristTestConsoleApp", "GitFristTestConsoleApp\GitFristTestConsoleApp.csproj", "{350C32A5-D7E3-4428-9797-2C8EC3368CA4}"
EndProject
Global
	GlobalSection(SolutionConfigurationPlatforms) = preSolution
		Debug|Any CPU = Debug|Any CPU
		Release|Any CPU = Release|Any CPU
	EndGlobalSection
	GlobalSection(ProjectConfigurationPlatforms) = postSolution
		{350C32A5-D7E3-4428-9797-2C8EC3368CA4}.Debug|Any CPU.ActiveCfg = Debug|Any CPU
		{350C32A5-D7E3-4428-9797-2C8EC3368CA4}.Debug|Any CPU.Build.0 = Debug|Any CPU
		{350C32A5-D7E3-4428-9797-2C8EC3368CA4}.Release|Any CPU.ActiveCfg = Release|Any CPU
		{350C32A5-D7E3-4428-9797-2C8EC3368CA4}.Release|Any CPU.Build.0 = Release|Any CPU
	EndGlobalSection
	GlobalSection(SolutionProperties) = preSolution
		HideSolutionNode = FALSE
	EndGlobalSection
	GlobalSection(ExtensibilityGlobals) = postSolution
		SolutionGuid = {2D71C743-392C-4438-A35D-58D6CABF0388}
	EndGlobalSection
EndGlobal
